
Microsoft Visual Studio Solution File, Format Version 12.00
# Visual Studio Version 17
VisualStudioVersion = 17.0.32014.148
MinimumVisualStudioVersion = 10.0.40219.1
Project("{FAE04EC0-301F-11D3-BF4B-00C04F79EFBC}") = "GameWatchAPI", "GameWatchAPI\GameWatchAPI.csproj", "{764E4B5E-D065-4729-A8E6-099A64F27C82}"
EndProject
Global
	GlobalSection(SolutionConfigurationPlatforms) = preSolution
		Debug|Any CPU = Debug|Any CPU
		Release|Any CPU = Release|Any CPU
	EndGlobalSection
	GlobalSection(ProjectConfigurationPlatforms) = postSolution
		{764E4B5E-D065-4729-A8E6-099A64F27C82}.Debug|Any CPU.ActiveCfg = Debug|Any CPU
		{764E4B5E-D065-4729-A8E6-099A64F27C82}.Debug|Any CPU.Build.0 = Debug|Any CPU
		{764E4B5E-D065-4729-A8E6-099A64F27C82}.Release|Any CPU.ActiveCfg = Release|Any CPU
		{764E4B5E-D065-4729-A8E6-099A64F27C82}.Release|Any CPU.Build.0 = Release|Any CPU
	EndGlobalSection
	GlobalSection(SolutionProperties) = preSolution
		HideSolutionNode = FALSE
	EndGlobalSection
	GlobalSection(ExtensibilityGlobals) = postSolution
		SolutionGuid = {3B073C2C-6EA5-4E15-9231-DB943CE98099}
	EndGlobalSection
EndGlobal
